// !$*UTF8*$!
{
	archiveVersion = 1;
	classes = {
	};
	objectVersion = 46;
	objects = {

/* Begin PBXBuildFile section */
		F25DB179171F7543006BFC8B /* UIKit.framework in Frameworks */ = {isa = PBXBuildFile; fileRef = F25DB178171F7543006BFC8B /* UIKit.framework */; };
		F25DB17B171F7543006BFC8B /* Foundation.framework in Frameworks */ = {isa = PBXBuildFile; fileRef = F25DB17A171F7543006BFC8B /* Foundation.framework */; };
		F25DB17D171F7543006BFC8B /* CoreGraphics.framework in Frameworks */ = {isa = PBXBuildFile; fileRef = F25DB17C171F7543006BFC8B /* CoreGraphics.framework */; };
		F25DB183171F7543006BFC8B /* InfoPlist.strings in Resources */ = {isa = PBXBuildFile; fileRef = F25DB181171F7543006BFC8B /* InfoPlist.strings */; };
		F25DB185171F7543006BFC8B /* main.m in Sources */ = {isa = PBXBuildFile; fileRef = F25DB184171F7543006BFC8B /* main.m */; };
		F25DB189171F7543006BFC8B /* saordeanAppDelegate.m in Sources */ = {isa = PBXBuildFile; fileRef = F25DB188171F7543006BFC8B /* saordeanAppDelegate.m */; };
		F25DB18B171F7543006BFC8B /* Default.png in Resources */ = {isa = PBXBuildFile; fileRef = F25DB18A171F7543006BFC8B /* Default.png */; };
		F25DB18D171F7543006BFC8B /* Default@2x.png in Resources */ = {isa = PBXBuildFile; fileRef = F25DB18C171F7543006BFC8B /* Default@2x.png */; };
		F25DB18F171F7543006BFC8B /* Default-568h@2x.png in Resources */ = {isa = PBXBuildFile; fileRef = F25DB18E171F7543006BFC8B /* Default-568h@2x.png */; };
		F25DB192171F7543006BFC8B /* saordeanViewController.m in Sources */ = {isa = PBXBuildFile; fileRef = F25DB191171F7543006BFC8B /* saordeanViewController.m */; };
		F25DB195171F7543006BFC8B /* saordeanViewController.xib in Resources */ = {isa = PBXBuildFile; fileRef = F25DB193171F7543006BFC8B /* saordeanViewController.xib */; };
/* End PBXBuildFile section */

/* Begin PBXFileReference section */
		F25DB175171F7543006BFC8B /* Wakarimasu.app */ = {isa = PBXFileReference; explicitFileType = wrapper.application; includeInIndex = 0; path = Wakarimasu.app; sourceTree = BUILT_PRODUCTS_DIR; };
		F25DB178171F7543006BFC8B /* UIKit.framework */ = {isa = PBXFileReference; lastKnownFileType = wrapper.framework; name = UIKit.framework; path = System/Library/Frameworks/UIKit.framework; sourceTree = SDKROOT; };
		F25DB17A171F7543006BFC8B /* Foundation.framework */ = {isa = PBXFileReference; lastKnownFileType = wrapper.framework; name = Foundation.framework; path = System/Library/Frameworks/Foundation.framework; sourceTree = SDKROOT; };
		F25DB17C171F7543006BFC8B /* CoreGraphics.framework */ = {isa = PBXFileReference; lastKnownFileType = wrapper.framework; name = CoreGraphics.framework; path = System/Library/Frameworks/CoreGraphics.framework; sourceTree = SDKROOT; };
		F25DB180171F7543006BFC8B /* Wakarimasu-Info.plist */ = {isa = PBXFileReference; lastKnownFileType = text.plist.xml; path = "Wakarimasu-Info.plist"; sourceTree = "<group>"; };
		F25DB182171F7543006BFC8B /* en */ = {isa = PBXFileReference; lastKnownFileType = text.plist.strings; name = en; path = en.lproj/InfoPlist.strings; sourceTree = "<group>"; };
		F25DB184171F7543006BFC8B /* main.m */ = {isa = PBXFileReference; lastKnownFileType = sourcecode.c.objc; path = main.m; sourceTree = "<group>"; };
		F25DB186171F7543006BFC8B /* Wakarimasu-Prefix.pch */ = {isa = PBXFileReference; lastKnownFileType = sourcecode.c.h; path = "Wakarimasu-Prefix.pch"; sourceTree = "<group>"; };
		F25DB187171F7543006BFC8B /* saordeanAppDelegate.h */ = {isa = PBXFileReference; lastKnownFileType = sourcecode.c.h; path = saordeanAppDelegate.h; sourceTree = "<group>"; };
		F25DB188171F7543006BFC8B /* saordeanAppDelegate.m */ = {isa = PBXFileReference; lastKnownFileType = sourcecode.c.objc; path = saordeanAppDelegate.m; sourceTree = "<group>"; };
		F25DB18A171F7543006BFC8B /* Default.png */ = {isa = PBXFileReference; lastKnownFileType = image.png; path = Default.png; sourceTree = "<group>"; };
		F25DB18C171F7543006BFC8B /* Default@2x.png */ = {isa = PBXFileReference; lastKnownFileType = image.png; path = "Default@2x.png"; sourceTree = "<group>"; };
		F25DB18E171F7543006BFC8B /* Default-568h@2x.png */ = {isa = PBXFileReference; lastKnownFileType = image.png; path = "Default-568h@2x.png"; sourceTree = "<group>"; };
		F25DB190171F7543006BFC8B /* saordeanViewController.h */ = {isa = PBXFileReference; lastKnownFileType = sourcecode.c.h; path = saordeanViewController.h; sourceTree = "<group>"; };
		F25DB191171F7543006BFC8B /* saordeanViewController.m */ = {isa = PBXFileReference; lastKnownFileType = sourcecode.c.objc; path = saordeanViewController.m; sourceTree = "<group>"; };
		F25DB194171F7543006BFC8B /* en */ = {isa = PBXFileReference; lastKnownFileType = file.xib; name = en; path = en.lproj/saordeanViewController.xib; sourceTree = "<group>"; };
/* End PBXFileReference section */

/* Begin PBXFrameworksBuildPhase section */
		F25DB172171F7543006BFC8B /* Frameworks */ = {
			isa = PBXFrameworksBuildPhase;
			buildActionMask = 2147483647;
			files = (
				F25DB179171F7543006BFC8B /* UIKit.framework in Frameworks */,
				F25DB17B171F7543006BFC8B /* Foundation.framework in Frameworks */,
				F25DB17D171F7543006BFC8B /* CoreGraphics.framework in Frameworks */,
			);
			runOnlyForDeploymentPostprocessing = 0;
		};
/* End PBXFrameworksBuildPhase section */

/* Begin PBXGroup section */
		F25DB16C171F7543006BFC8B = {
			isa = PBXGroup;
			children = (
				F25DB17E171F7543006BFC8B /* Wakarimasu */,
				F25DB177171F7543006BFC8B /* Frameworks */,
				F25DB176171F7543006BFC8B /* Products */,
			);
			sourceTree = "<group>";
		};
		F25DB176171F7543006BFC8B /* Products */ = {
			isa = PBXGroup;
			children = (
				F25DB175171F7543006BFC8B /* Wakarimasu.app */,
			);
			name = Products;
			sourceTree = "<group>";
		};
		F25DB177171F7543006BFC8B /* Frameworks */ = {
			isa = PBXGroup;
			children = (
				F25DB178171F7543006BFC8B /* UIKit.framework */,
				F25DB17A171F7543006BFC8B /* Foundation.framework */,
				F25DB17C171F7543006BFC8B /* CoreGraphics.framework */,
			);
			name = Frameworks;
			sourceTree = "<group>";
		};
		F25DB17E171F7543006BFC8B /* Wakarimasu */ = {
			isa = PBXGroup;
			children = (
				F25DB187171F7543006BFC8B /* saordeanAppDelegate.h */,
				F25DB188171F7543006BFC8B /* saordeanAppDelegate.m */,
				F25DB190171F7543006BFC8B /* saordeanViewController.h */,
				F25DB191171F7543006BFC8B /* saordeanViewController.m */,
				F25DB193171F7543006BFC8B /* saordeanViewController.xib */,
				F25DB17F171F7543006BFC8B /* Supporting Files */,
			);
			path = Wakarimasu;
			sourceTree = "<group>";
		};
		F25DB17F171F7543006BFC8B /* Supporting Files */ = {
			isa = PBXGroup;
			children = (
				F25DB180171F7543006BFC8B /* Wakarimasu-Info.plist */,
				F25DB181171F7543006BFC8B /* InfoPlist.strings */,
				F25DB184171F7543006BFC8B /* main.m */,
				F25DB186171F7543006BFC8B /* Wakarimasu-Prefix.pch */,
				F25DB18A171F7543006BFC8B /* Default.png */,
				F25DB18C171F7543006BFC8B /* Default@2x.png */,
				F25DB18E171F7543006BFC8B /* Default-568h@2x.png */,
			);
			name = "Supporting Files";
			sourceTree = "<group>";
		};
/* End PBXGroup section */

/* Begin PBXNativeTarget section */
		F25DB174171F7543006BFC8B /* Wakarimasu */ = {
			isa = PBXNativeTarget;
			buildConfigurationList = F25DB198171F7543006BFC8B /* Build configuration list for PBXNativeTarget "Wakarimasu" */;
			buildPhases = (
				F25DB171171F7543006BFC8B /* Sources */,
				F25DB172171F7543006BFC8B /* Frameworks */,
				F25DB173171F7543006BFC8B /* Resources */,
			);
			buildRules = (
			);
			dependencies = (
			);
			name = Wakarimasu;
			productName = Wakarimasu;
			productReference = F25DB175171F7543006BFC8B /* Wakarimasu.app */;
			productType = "com.apple.product-type.application";
		};
/* End PBXNativeTarget section */

/* Begin PBXProject section */
		F25DB16D171F7543006BFC8B /* Project object */ = {
			isa = PBXProject;
			attributes = {
				CLASSPREFIX = saordean;
				LastUpgradeCheck = 0460;
				ORGANIZATIONNAME = DeanAMH;
			};
			buildConfigurationList = F25DB170171F7543006BFC8B /* Build configuration list for PBXProject "Wakarimasu" */;
			compatibilityVersion = "Xcode 3.2";
			developmentRegion = English;
			hasScannedForEncodings = 0;
			knownRegions = (
				en,
			);
			mainGroup = F25DB16C171F7543006BFC8B;
			productRefGroup = F25DB176171F7543006BFC8B /* Products */;
			projectDirPath = "";
			projectRoot = "";
			targets = (
				F25DB174171F7543006BFC8B /* Wakarimasu */,
			);
		};
/* End PBXProject section */

/* Begin PBXResourcesBuildPhase section */
		F25DB173171F7543006BFC8B /* Resources */ = {
			isa = PBXResourcesBuildPhase;
			buildActionMask = 2147483647;
			files = (
				F25DB183171F7543006BFC8B /* InfoPlist.strings in Resources */,
				F25DB18B171F7543006BFC8B /* Default.png in Resources */,
				F25DB18D171F7543006BFC8B /* Default@2x.png in Resources */,
				F25DB18F171F7543006BFC8B /* Default-568h@2x.png in Resources */,
				F25DB195171F7543006BFC8B /* saordeanViewController.xib in Resources */,
			);
			runOnlyForDeploymentPostprocessing = 0;
		};
/* End PBXResourcesBuildPhase section */

/* Begin PBXSourcesBuildPhase section */
		F25DB171171F7543006BFC8B /* Sources */ = {
			isa = PBXSourcesBuildPhase;
			buildActionMask = 2147483647;
			files = (
				F25DB185171F7543006BFC8B /* main.m in Sources */,
				F25DB189171F7543006BFC8B /* saordeanAppDelegate.m in Sources */,
				F25DB192171F7543006BFC8B /* saordeanViewController.m in Sources */,
			);
			runOnlyForDeploymentPostprocessing = 0;
		};
/* End PBXSourcesBuildPhase section */

/* Begin PBXVariantGroup section */
		F25DB181171F7543006BFC8B /* InfoPlist.strings */ = {
			isa = PBXVariantGroup;
			children = (
				F25DB182171F7543006BFC8B /* en */,
			);
			name = InfoPlist.strings;
			sourceTree = "<group>";
		};
		F25DB193171F7543006BFC8B /* saordeanViewController.xib */ = {
			isa = PBXVariantGroup;
			children = (
				F25DB194171F7543006BFC8B /* en */,
			);
			name = saordeanViewController.xib;
			sourceTree = "<group>";
		};
/* End PBXVariantGroup section */

/* Begin XCBuildConfiguration section */
		F25DB196171F7543006BFC8B /* Debug */ = {
			isa = XCBuildConfiguration;
			buildSettings = {
				ALWAYS_SEARCH_USER_PATHS = NO;
				CLANG_CXX_LANGUAGE_STANDARD = "gnu++0x";
				CLANG_CXX_LIBRARY = "libc++";
				CLANG_ENABLE_OBJC_ARC = YES;
				CLANG_WARN_CONSTANT_CONVERSION = YES;
				CLANG_WARN_EMPTY_BODY = YES;
				CLANG_WARN_ENUM_CONVERSION = YES;
				CLANG_WARN_INT_CONVERSION = YES;
				CLANG_WARN__DUPLICATE_METHOD_MATCH = YES;
				"CODE_SIGN_IDENTITY[sdk=iphoneos*]" = "iPhone Developer";
				COPY_PHASE_STRIP = NO;
				GCC_C_LANGUAGE_STANDARD = gnu99;
				GCC_DYNAMIC_NO_PIC = NO;
				GCC_OPTIMIZATION_LEVEL = 0;
				GCC_PREPROCESSOR_DEFINITIONS = (
					"DEBUG=1",
					"$(inherited)",
				);
				GCC_SYMBOLS_PRIVATE_EXTERN = NO;
				GCC_WARN_ABOUT_RETURN_TYPE = YES;
				GCC_WARN_UNINITIALIZED_AUTOS = YES;
				GCC_WARN_UNUSED_VARIABLE = YES;
				IPHONEOS_DEPLOYMENT_TARGET = 6.1;
				ONLY_ACTIVE_ARCH = YES;
				SDKROOT = iphoneos;
			};
			name = Debug;
		};
		F25DB197171F7543006BFC8B /* Release */ = {
			isa = XCBuildConfiguration;
			buildSettings = {
				ALWAYS_SEARCH_USER_PATHS = NO;
				CLANG_CXX_LANGUAGE_STANDARD = "gnu++0x";
				CLANG_CXX_LIBRARY = "libc++";
				CLANG_ENABLE_OBJC_ARC = YES;
				CLANG_WARN_CONSTANT_CONVERSION = YES;
				CLANG_WARN_EMPTY_BODY = YES;
				CLANG_WARN_ENUM_CONVERSION = YES;
				CLANG_WARN_INT_CONVERSION = YES;
				CLANG_WARN__DUPLICATE_METHOD_MATCH = YES;
				"CODE_SIGN_IDENTITY[sdk=iphoneos*]" = "iPhone Developer";
				COPY_PHASE_STRIP = YES;
				GCC_C_LANGUAGE_STANDARD = gnu99;
				GCC_WARN_ABOUT_RETURN_TYPE = YES;
				GCC_WARN_UNINITIALIZED_AUTOS = YES;
				GCC_WARN_UNUSED_VARIABLE = YES;
				IPHONEOS_DEPLOYMENT_TARGET = 6.1;
				OTHER_CFLAGS = "-DNS_BLOCK_ASSERTIONS=1";
				SDKROOT = iphoneos;
				VALIDATE_PRODUCT = YES;
			};
			name = Release;
		};
		F25DB199171F7543006BFC8B /* Debug */ = {
			isa = XCBuildConfiguration;
			buildSettings = {
				GCC_PRECOMPILE_PREFIX_HEADER = YES;
				GCC_PREFIX_HEADER = "Wakarimasu/Wakarimasu-Prefix.pch";
				INFOPLIST_FILE = "Wakarimasu/Wakarimasu-Info.plist";
				PRODUCT_NAME = "$(TARGET_NAME)";
				WRAPPER_EXTENSION = app;
			};
			name = Debug;
		};
		F25DB19A171F7543006BFC8B /* Release */ = {
			isa = XCBuildConfiguration;
			buildSettings = {
				GCC_PRECOMPILE_PREFIX_HEADER = YES;
				GCC_PREFIX_HEADER = "Wakarimasu/Wakarimasu-Prefix.pch";
				INFOPLIST_FILE = "Wakarimasu/Wakarimasu-Info.plist";
				PRODUCT_NAME = "$(TARGET_NAME)";
				WRAPPER_EXTENSION = app;
			};
			name = Release;
		};
/* End XCBuildConfiguration section */

/* Begin XCConfigurationList section */
		F25DB170171F7543006BFC8B /* Build configuration list for PBXProject "Wakarimasu" */ = {
			isa = XCConfigurationList;
			buildConfigurations = (
				F25DB196171F7543006BFC8B /* Debug */,
				F25DB197171F7543006BFC8B /* Release */,
			);
			defaultConfigurationIsVisible = 0;
			defaultConfigurationName = Release;
		};
		F25DB198171F7543006BFC8B /* Build configuration list for PBXNativeTarget "Wakarimasu" */ = {
			isa = XCConfigurationList;
			buildConfigurations = (
				F25DB199171F7543006BFC8B /* Debug */,
				F25DB19A171F7543006BFC8B /* Release */,
			);
			defaultConfigurationIsVisible = 0;
		};
/* End XCConfigurationList section */
	};
	rootObject = F25DB16D171F7543006BFC8B /* Project object */;
}
